
Microsoft Visual Studio Solution File, Format Version 12.00
# Visual Studio Version 16
VisualStudioVersion = 16.0.31424.327
MinimumVisualStudioVersion = 10.0.40219.1
Project("{FAE04EC0-301F-11D3-BF4B-00C04F79EFBC}") = "Digitalroot.Valheim.PluginInfo", "Digitalroot.Valheim.PluginInfo\Digitalroot.Valheim.PluginInfo.csproj", "{F7848099-C393-4948-82BD-A413D986A811}"
EndProject
Project("{2150E333-8FDC-42A3-9474-1A3956D46DE8}") = "Solution Items", "Solution Items", "{B6C936B0-4E6A-4AB8-A3FF-5AA2C1A0C59C}"
	ProjectSection(SolutionItems) = preProject
		..\.gitignore = ..\.gitignore
	EndProjectSection
EndProject
Project("{2150E333-8FDC-42A3-9474-1A3956D46DE8}") = ".github", ".github", "{89E8E94A-90F4-4FD3-B72F-C558A9ED8BF9}"
	ProjectSection(SolutionItems) = preProject
		..\.github\release-drafter.yml = ..\.github\release-drafter.yml
	EndProjectSection
EndProject
Project("{2150E333-8FDC-42A3-9474-1A3956D46DE8}") = "workflows", "workflows", "{0B780DC6-CDC0-4FE8-93BD-2945C9B0B8A6}"
	ProjectSection(SolutionItems) = preProject
		..\.github\workflows\ci.yml = ..\.github\workflows\ci.yml
		..\.github\workflows\drafter.yml = ..\.github\workflows\drafter.yml
		..\.github\workflows\publish.yml = ..\.github\workflows\publish.yml
		..\.github\workflows\test-report.yml = ..\.github\workflows\test-report.yml
	EndProjectSection
EndProject
Project("{2150E333-8FDC-42A3-9474-1A3956D46DE8}") = "docs", "docs", "{A9825C27-BBCE-488B-9D35-1BD96B713082}"
	ProjectSection(SolutionItems) = preProject
		..\docs\LICENSE = ..\docs\LICENSE
		..\docs\README.md = ..\docs\README.md
	EndProjectSection
EndProject
Global
	GlobalSection(SolutionConfigurationPlatforms) = preSolution
		Debug|Any CPU = Debug|Any CPU
		Release|Any CPU = Release|Any CPU
	EndGlobalSection
	GlobalSection(ProjectConfigurationPlatforms) = postSolution
		{F7848099-C393-4948-82BD-A413D986A811}.Debug|Any CPU.ActiveCfg = Debug|Any CPU
		{F7848099-C393-4948-82BD-A413D986A811}.Debug|Any CPU.Build.0 = Debug|Any CPU
		{F7848099-C393-4948-82BD-A413D986A811}.Release|Any CPU.ActiveCfg = Release|Any CPU
		{F7848099-C393-4948-82BD-A413D986A811}.Release|Any CPU.Build.0 = Release|Any CPU
	EndGlobalSection
	GlobalSection(SolutionProperties) = preSolution
		HideSolutionNode = FALSE
	EndGlobalSection
	GlobalSection(NestedProjects) = preSolution
		{89E8E94A-90F4-4FD3-B72F-C558A9ED8BF9} = {B6C936B0-4E6A-4AB8-A3FF-5AA2C1A0C59C}
		{0B780DC6-CDC0-4FE8-93BD-2945C9B0B8A6} = {89E8E94A-90F4-4FD3-B72F-C558A9ED8BF9}
		{A9825C27-BBCE-488B-9D35-1BD96B713082} = {B6C936B0-4E6A-4AB8-A3FF-5AA2C1A0C59C}
	EndGlobalSection
	GlobalSection(ExtensibilityGlobals) = postSolution
		SolutionGuid = {DBD9181E-33F5-4CBE-9C7D-06A9FDCEF711}
	EndGlobalSection
EndGlobal
